{
    "name": "ChitChat",
    "version": "1.0.0",
    "lockfileVersion": 3,
    "requires": true,
    "packages": {
        "": {
            "version": "1.0.0",
            "license": "ISC",
            "dependencies": {
                "": "file:",
                "chat-app": "file:"
            }
        },
        "node_modules/chat-app": {
            "resolved": "",
            "link": true
        }
    }
}
